{
  "name": "wizloft-harness-project-tooling",
  "version": "0.0.0",
  "lockfileVersion": 3,
  "requires": true,
  "packages": {
    "": {
      "name": "wizloft-harness-project-tooling",
      "version": "0.0.0",
      "dependencies": {
        "@wizloft/harness-project": "0.1.2-alpha.3"
      }
    },
    "node_modules/@wizloft/harness": {
      "version": "0.1.2-alpha.3",
      "resolved": "https://registry.npmjs.org/@wizloft/harness/-/harness-0.1.2-alpha.3.tgz",
      "integrity": "sha512-ksixtfIjnVyyVl965nzpfhY+Umi8lVIFaJ9VT+ATSg5aC12M8KXI6Gjebi/STFCrLm9s63YEoLwTZYxsm5J28g==",
      "license": "MIT",
      "dependencies": {
        "@wizloft/harness-authority": "0.1.2-alpha.3",
        "@wizloft/harness-context": "0.1.2-alpha.3",
        "@wizloft/harness-evidence": "0.1.2-alpha.3",
        "@wizloft/harness-kernel": "0.1.2-alpha.3",
        "@wizloft/harness-memory": "0.1.2-alpha.3",
        "@wizloft/harness-validation": "0.1.2-alpha.3"
      },
      "engines": {
        "node": ">=22.13.0"
      }
    },
    "node_modules/@wizloft/harness-authority": {
      "version": "0.1.2-alpha.3",
      "resolved": "https://registry.npmjs.org/@wizloft/harness-authority/-/harness-authority-0.1.2-alpha.3.tgz",
      "integrity": "sha512-gv0RoD27p3kzPZPEEMQ4Uuzyz7gGHiSYscM4t5/sVfr72JZFIxWrtaU7OySlcHmYQktXNbQTIqmsxShmFcsNgA==",
      "license": "MIT",
      "dependencies": {
        "@wizloft/harness-kernel": "0.1.2-alpha.3"
      },
      "engines": {
        "node": ">=22.13.0"
      }
    },
    "node_modules/@wizloft/harness-cli-adapter": {
      "version": "0.1.2-alpha.3",
      "resolved": "https://registry.npmjs.org/@wizloft/harness-cli-adapter/-/harness-cli-adapter-0.1.2-alpha.3.tgz",
      "integrity": "sha512-02R8d0fKjtYP0N/EDlCyWu3FqbtvQPE1vSzMXsDvjhbapFRFQh3PqnDj+TkESYv+DV2ja5PY0XYTpl6dDLptfQ==",
      "license": "MIT",
      "dependencies": {
        "@wizloft/harness-commands": "0.1.2-alpha.3"
      },
      "engines": {
        "node": ">=22.13.0"
      }
    },
    "node_modules/@wizloft/harness-commands": {
      "version": "0.1.2-alpha.3",
      "resolved": "https://registry.npmjs.org/@wizloft/harness-commands/-/harness-commands-0.1.2-alpha.3.tgz",
      "integrity": "sha512-OmaxjhUljdroeYI8Z9GOonqNhy4lVGSz+ftTXbajM96l3JNNFwsgUExnLAtO3qa4j52W6mefk5NTzb90JBGcvA==",
      "license": "MIT",
      "dependencies": {
        "@wizloft/harness": "0.1.2-alpha.3"
      },
      "engines": {
        "node": ">=22.13.0"
      }
    },
    "node_modules/@wizloft/harness-context": {
      "version": "0.1.2-alpha.3",
      "resolved": "https://registry.npmjs.org/@wizloft/harness-context/-/harness-context-0.1.2-alpha.3.tgz",
      "integrity": "sha512-G1JJTeboaGoP6ASU/dYKBEcaZ6SY1sZWR9q/597VmRBFJJA0Q1obFLdhHvVOZ8jJe1aRvVrQPFBSihqzUXsjxw==",
      "license": "MIT",
      "dependencies": {
        "@wizloft/harness-kernel": "0.1.2-alpha.3"
      },
      "engines": {
        "node": ">=22.13.0"
      }
    },
    "node_modules/@wizloft/harness-evidence": {
      "version": "0.1.2-alpha.3",
      "resolved": "https://registry.npmjs.org/@wizloft/harness-evidence/-/harness-evidence-0.1.2-alpha.3.tgz",
      "integrity": "sha512-MBR0pQ74abjzCnTSO8jrxr9I9b9FjCxP9lWAJYuTVbVEFNpUXOkaI3F7Be9voQWMabMWpHdoBeVcqPTvGK08Pg==",
      "license": "MIT",
      "dependencies": {
        "@wizloft/harness-kernel": "0.1.2-alpha.3"
      },
      "engines": {
        "node": ">=22.13.0"
      }
    },
    "node_modules/@wizloft/harness-kernel": {
      "version": "0.1.2-alpha.3",
      "resolved": "https://registry.npmjs.org/@wizloft/harness-kernel/-/harness-kernel-0.1.2-alpha.3.tgz",
      "integrity": "sha512-rIYwFTSfPQHrPOJLFR117bri2KUdWPSPnOZSXIFjVJYrwPWdJD3Qx+mLhzJ75BkISeNcpDnNnAax3aqxjpYIPA==",
      "license": "MIT",
      "engines": {
        "node": ">=22.13.0"
      }
    },
    "node_modules/@wizloft/harness-memory": {
      "version": "0.1.2-alpha.3",
      "resolved": "https://registry.npmjs.org/@wizloft/harness-memory/-/harness-memory-0.1.2-alpha.3.tgz",
      "integrity": "sha512-QoEP0FIqJ/w80MhvOUo0bGlWIsDWiarDN/UEMvEM4LLnkGtuXS+EIUDC+hodKMZViXIM2vZuuNMRMi+BMmqfJg==",
      "license": "MIT",
      "dependencies": {
        "@wizloft/harness-kernel": "0.1.2-alpha.3"
      },
      "engines": {
        "node": ">=22.13.0"
      }
    },
    "node_modules/@wizloft/harness-plugin-file-events": {
      "version": "0.1.2-alpha.3",
      "resolved": "https://registry.npmjs.org/@wizloft/harness-plugin-file-events/-/harness-plugin-file-events-0.1.2-alpha.3.tgz",
      "integrity": "sha512-CvTm7KBfLESkqVmcCOsehr/Icij6n+oKTl8VZPhn8bEAETAWsfxYH3cGgOyPBT7HKZthbOZ5jTIIHwokqO1o2Q==",
      "license": "MIT",
      "dependencies": {
        "@wizloft/harness-kernel": "0.1.2-alpha.3"
      },
      "engines": {
        "node": ">=22.13.0"
      }
    },
    "node_modules/@wizloft/harness-plugin-file-memory": {
      "version": "0.1.2-alpha.3",
      "resolved": "https://registry.npmjs.org/@wizloft/harness-plugin-file-memory/-/harness-plugin-file-memory-0.1.2-alpha.3.tgz",
      "integrity": "sha512-K2vbtpjdKSEgzXZVSUor/TQfsKbOAlnXg4I2OLnM9NjyN6Kg3endxXBZiA10NvtH3RyNiXX4HwjlKpfgnRl2IA==",
      "license": "MIT",
      "dependencies": {
        "@wizloft/harness-kernel": "0.1.2-alpha.3",
        "@wizloft/harness-memory": "0.1.2-alpha.3"
      },
      "engines": {
        "node": ">=22.13.0"
      }
    },
    "node_modules/@wizloft/harness-plugin-memory-context": {
      "version": "0.1.2-alpha.3",
      "resolved": "https://registry.npmjs.org/@wizloft/harness-plugin-memory-context/-/harness-plugin-memory-context-0.1.2-alpha.3.tgz",
      "integrity": "sha512-qv4WGb13n/qfZKo8GTA8onxIu8pN3etktRMc8J5NvDnJXiUlSILYY31b71hLoL7NSjNR55xQwCkscv5KPKdQKA==",
      "license": "MIT",
      "dependencies": {
        "@wizloft/harness-context": "0.1.2-alpha.3",
        "@wizloft/harness-kernel": "0.1.2-alpha.3",
        "@wizloft/harness-memory": "0.1.2-alpha.3"
      },
      "engines": {
        "node": ">=22.13.0"
      }
    },
    "node_modules/@wizloft/harness-plugin-repository-files": {
      "version": "0.1.2-alpha.3",
      "resolved": "https://registry.npmjs.org/@wizloft/harness-plugin-repository-files/-/harness-plugin-repository-files-0.1.2-alpha.3.tgz",
      "integrity": "sha512-02eyPotQfjzc44pGM582kq8ltZw0YUkG2jtiZdrmLI9M86qjCI9IgJ+TXu7pY+70MxNENlHti1OOUDbMZyZr4g==",
      "license": "MIT",
      "dependencies": {
        "@wizloft/harness-authority": "0.1.2-alpha.3",
        "@wizloft/harness-context": "0.1.2-alpha.3",
        "@wizloft/harness-kernel": "0.1.2-alpha.3"
      },
      "engines": {
        "node": ">=22.13.0"
      }
    },
    "node_modules/@wizloft/harness-project": {
      "version": "0.1.2-alpha.3",
      "resolved": "https://registry.npmjs.org/@wizloft/harness-project/-/harness-project-0.1.2-alpha.3.tgz",
      "integrity": "sha512-Gz9m5GE6C4okYKPUNFFO9P26w96+qzUDmBm92q0N18rP09sBEwnM8dAca4uy9k5e087UJv63rshWKZdQ6MF0Lw==",
      "license": "MIT",
      "dependencies": {
        "@wizloft/harness": "0.1.2-alpha.3",
        "@wizloft/harness-authority": "0.1.2-alpha.3",
        "@wizloft/harness-cli-adapter": "0.1.2-alpha.3",
        "@wizloft/harness-commands": "0.1.2-alpha.3",
        "@wizloft/harness-context": "0.1.2-alpha.3",
        "@wizloft/harness-evidence": "0.1.2-alpha.3",
        "@wizloft/harness-kernel": "0.1.2-alpha.3",
        "@wizloft/harness-plugin-file-events": "0.1.2-alpha.3",
        "@wizloft/harness-plugin-file-memory": "0.1.2-alpha.3",
        "@wizloft/harness-plugin-memory-context": "0.1.2-alpha.3",
        "@wizloft/harness-plugin-repository-files": "0.1.2-alpha.3",
        "@wizloft/harness-validation": "0.1.2-alpha.3"
      },
      "bin": {
        "wizloft-harness-project": "dist/bin.js"
      },
      "engines": {
        "node": ">=22.13.0"
      }
    },
    "node_modules/@wizloft/harness-validation": {
      "version": "0.1.2-alpha.3",
      "resolved": "https://registry.npmjs.org/@wizloft/harness-validation/-/harness-validation-0.1.2-alpha.3.tgz",
      "integrity": "sha512-rEBXUJZ+3y25mStvl5WDW/A0vs3UC3oL+aovudbjajpfSBGqorfvLhfZmJ/4hXSNobkjYB3EER20BN9QfczHiA==",
      "license": "MIT",
      "dependencies": {
        "@wizloft/harness-evidence": "0.1.2-alpha.3",
        "@wizloft/harness-kernel": "0.1.2-alpha.3"
      },
      "engines": {
        "node": ">=22.13.0"
      }
    }
  }
}
