{
  "name": "wizloft-harness-project-tooling",
  "version": "0.0.0",
  "lockfileVersion": 3,
  "requires": true,
  "packages": {
    "": {
      "name": "wizloft-harness-project-tooling",
      "version": "0.0.0",
      "dependencies": {
        "@wizloft/harness-project": "0.1.0-alpha.4"
      }
    },
    "node_modules/@wizloft/harness": {
      "version": "0.1.0-alpha.4",
      "resolved": "https://registry.npmjs.org/@wizloft/harness/-/harness-0.1.0-alpha.4.tgz",
      "integrity": "sha512-Eg7BycRzdcU6rud4FMB2gKH8LRPHFpOolCk+qTgvdhFVvyL5UNN1EAXO/q/ToJgwUQnibnReC/oP5SEJZXuOfw==",
      "license": "MIT",
      "dependencies": {
        "@wizloft/harness-authority": "0.1.0-alpha.4",
        "@wizloft/harness-context": "0.1.0-alpha.4",
        "@wizloft/harness-evidence": "0.1.0-alpha.4",
        "@wizloft/harness-kernel": "0.1.0-alpha.4",
        "@wizloft/harness-memory": "0.1.0-alpha.4",
        "@wizloft/harness-validation": "0.1.0-alpha.4"
      },
      "engines": {
        "node": ">=22.13.0"
      }
    },
    "node_modules/@wizloft/harness-authority": {
      "version": "0.1.0-alpha.4",
      "resolved": "https://registry.npmjs.org/@wizloft/harness-authority/-/harness-authority-0.1.0-alpha.4.tgz",
      "integrity": "sha512-4hiZWiC8+UwNmdxkcaxyO39dOx3c8NAzTZ1XMplEf2s3r00LSobtNZOSVBs/SDFMs9+PRQW0PJP42mGkJfCU0w==",
      "license": "MIT",
      "dependencies": {
        "@wizloft/harness-kernel": "0.1.0-alpha.4"
      },
      "engines": {
        "node": ">=22.13.0"
      }
    },
    "node_modules/@wizloft/harness-cli-adapter": {
      "version": "0.1.0-alpha.4",
      "resolved": "https://registry.npmjs.org/@wizloft/harness-cli-adapter/-/harness-cli-adapter-0.1.0-alpha.4.tgz",
      "integrity": "sha512-lf6QW2eTMENQ3Fu06v39YaAWl6khWx5FbveNVkc8PX6oQOq+Vp6Ckfxk9S4ucuPSZSVO16+d6aT3i0AbNA57zQ==",
      "license": "MIT",
      "dependencies": {
        "@wizloft/harness-commands": "0.1.0-alpha.4"
      },
      "engines": {
        "node": ">=22.13.0"
      }
    },
    "node_modules/@wizloft/harness-commands": {
      "version": "0.1.0-alpha.4",
      "resolved": "https://registry.npmjs.org/@wizloft/harness-commands/-/harness-commands-0.1.0-alpha.4.tgz",
      "integrity": "sha512-U6vW+8ppWykrFZfSu2yDDiUVlj7+A/GJZjS2f8r1SuiiZvB0GcQW4quegsZFYlAR7NJKxr9s8PxjDFxmvm9LdQ==",
      "license": "MIT",
      "dependencies": {
        "@wizloft/harness": "0.1.0-alpha.4"
      },
      "engines": {
        "node": ">=22.13.0"
      }
    },
    "node_modules/@wizloft/harness-context": {
      "version": "0.1.0-alpha.4",
      "resolved": "https://registry.npmjs.org/@wizloft/harness-context/-/harness-context-0.1.0-alpha.4.tgz",
      "integrity": "sha512-huM6ou23ap894tiAaneLGs0NboG1iEe/IyJ/5h7UwFBBcWnznlb2IdUY7aJFxaejEF5whx3+ZEa4VJELvn4Y0Q==",
      "license": "MIT",
      "dependencies": {
        "@wizloft/harness-kernel": "0.1.0-alpha.4"
      },
      "engines": {
        "node": ">=22.13.0"
      }
    },
    "node_modules/@wizloft/harness-evidence": {
      "version": "0.1.0-alpha.4",
      "resolved": "https://registry.npmjs.org/@wizloft/harness-evidence/-/harness-evidence-0.1.0-alpha.4.tgz",
      "integrity": "sha512-SVjFg9mgH5d4s/O777Rxq/9A3kz9KU0eSFbJIWyiVO7ujwrOLazf3oY7V/JgebxgkhtDgQXW+LM88jScP9OcKg==",
      "license": "MIT",
      "dependencies": {
        "@wizloft/harness-kernel": "0.1.0-alpha.4"
      },
      "engines": {
        "node": ">=22.13.0"
      }
    },
    "node_modules/@wizloft/harness-kernel": {
      "version": "0.1.0-alpha.4",
      "resolved": "https://registry.npmjs.org/@wizloft/harness-kernel/-/harness-kernel-0.1.0-alpha.4.tgz",
      "integrity": "sha512-dhnyUBt5OGT/C7gFrnUBwjQ8hxgeCvzUvqQY/8TppBiZEzC7GU3zHlHTSmWhoFuxpSk26rmXhFdGfA/anksBRg==",
      "license": "MIT",
      "engines": {
        "node": ">=22.13.0"
      }
    },
    "node_modules/@wizloft/harness-memory": {
      "version": "0.1.0-alpha.4",
      "resolved": "https://registry.npmjs.org/@wizloft/harness-memory/-/harness-memory-0.1.0-alpha.4.tgz",
      "integrity": "sha512-wzGsEGdiOdL9WrOJ8a9kj6IvGvhbZi9nyQyZIeIjXqfKXZURuI913EwJEOVNkHKcFX6x9SnKV+ZjAFrquHWT3g==",
      "license": "MIT",
      "dependencies": {
        "@wizloft/harness-kernel": "0.1.0-alpha.4"
      },
      "engines": {
        "node": ">=22.13.0"
      }
    },
    "node_modules/@wizloft/harness-plugin-file-events": {
      "version": "0.1.0-alpha.4",
      "resolved": "https://registry.npmjs.org/@wizloft/harness-plugin-file-events/-/harness-plugin-file-events-0.1.0-alpha.4.tgz",
      "integrity": "sha512-e+/2AlAgO1MbNpPRQVs/L+JvCaXUSlmM4lRTUK2glyoD8aB2ipfEoet6o/NY3dpWpz3VvFOPl61FSxEdY/Og7g==",
      "license": "MIT",
      "dependencies": {
        "@wizloft/harness-kernel": "0.1.0-alpha.4"
      },
      "engines": {
        "node": ">=22.13.0"
      }
    },
    "node_modules/@wizloft/harness-plugin-file-memory": {
      "version": "0.1.0-alpha.4",
      "resolved": "https://registry.npmjs.org/@wizloft/harness-plugin-file-memory/-/harness-plugin-file-memory-0.1.0-alpha.4.tgz",
      "integrity": "sha512-9GQr/AtSCa+Ign2XIe5uZqjQ60ko8/CTWfu5XW4i37ZjjA/IL304E/YzWQbPRgvXRoQSdj8r9ARLFDOpkr6p2g==",
      "license": "MIT",
      "dependencies": {
        "@wizloft/harness-kernel": "0.1.0-alpha.4",
        "@wizloft/harness-memory": "0.1.0-alpha.4"
      },
      "engines": {
        "node": ">=22.13.0"
      }
    },
    "node_modules/@wizloft/harness-plugin-memory-context": {
      "version": "0.1.0-alpha.4",
      "resolved": "https://registry.npmjs.org/@wizloft/harness-plugin-memory-context/-/harness-plugin-memory-context-0.1.0-alpha.4.tgz",
      "integrity": "sha512-x+yi2B3/Ao6uhC2tKzq6XEijuNFsBOj4UVhFSalGy+MWsD0dLdzr+s0LZGnCrvD/NFvYc7F6pQl/qHDPAjywYg==",
      "license": "MIT",
      "dependencies": {
        "@wizloft/harness-context": "0.1.0-alpha.4",
        "@wizloft/harness-kernel": "0.1.0-alpha.4",
        "@wizloft/harness-memory": "0.1.0-alpha.4"
      },
      "engines": {
        "node": ">=22.13.0"
      }
    },
    "node_modules/@wizloft/harness-plugin-repository-files": {
      "version": "0.1.0-alpha.4",
      "resolved": "https://registry.npmjs.org/@wizloft/harness-plugin-repository-files/-/harness-plugin-repository-files-0.1.0-alpha.4.tgz",
      "integrity": "sha512-nnb5hcK0MR1ZgeKLfLBEnbb8KuMWnd5l8H410bxtdeMlAhl1zR6psX2ZlAz+5y2sgU0VpZidGWUxuQlcX0dOSA==",
      "license": "MIT",
      "dependencies": {
        "@wizloft/harness-authority": "0.1.0-alpha.4",
        "@wizloft/harness-context": "0.1.0-alpha.4",
        "@wizloft/harness-kernel": "0.1.0-alpha.4"
      },
      "engines": {
        "node": ">=22.13.0"
      }
    },
    "node_modules/@wizloft/harness-project": {
      "version": "0.1.0-alpha.4",
      "resolved": "https://registry.npmjs.org/@wizloft/harness-project/-/harness-project-0.1.0-alpha.4.tgz",
      "integrity": "sha512-BlHvHzeUPaKGrLdEgbAlRssmB1QbyhhMcVopdLyJaI/z0SWrrwMVQPrSZ9Sjfz7R4rUGJR+afkz8fAA4SLDCEg==",
      "license": "MIT",
      "dependencies": {
        "@wizloft/harness": "0.1.0-alpha.4",
        "@wizloft/harness-authority": "0.1.0-alpha.4",
        "@wizloft/harness-cli-adapter": "0.1.0-alpha.4",
        "@wizloft/harness-commands": "0.1.0-alpha.4",
        "@wizloft/harness-context": "0.1.0-alpha.4",
        "@wizloft/harness-evidence": "0.1.0-alpha.4",
        "@wizloft/harness-kernel": "0.1.0-alpha.4",
        "@wizloft/harness-plugin-file-events": "0.1.0-alpha.4",
        "@wizloft/harness-plugin-file-memory": "0.1.0-alpha.4",
        "@wizloft/harness-plugin-memory-context": "0.1.0-alpha.4",
        "@wizloft/harness-plugin-repository-files": "0.1.0-alpha.4",
        "@wizloft/harness-validation": "0.1.0-alpha.4"
      },
      "bin": {
        "wizloft-harness-project": "dist/bin.js"
      },
      "engines": {
        "node": ">=22.13.0"
      }
    },
    "node_modules/@wizloft/harness-validation": {
      "version": "0.1.0-alpha.4",
      "resolved": "https://registry.npmjs.org/@wizloft/harness-validation/-/harness-validation-0.1.0-alpha.4.tgz",
      "integrity": "sha512-NPKwcrQfPRQrEiUPtlgGpeMZnMF0no4OZE+M9k/hAU3NuqXYSjRybIoX+rNrAlk+KWb4ftpcyA4Yxz9DCdyqrg==",
      "license": "MIT",
      "dependencies": {
        "@wizloft/harness-evidence": "0.1.0-alpha.4",
        "@wizloft/harness-kernel": "0.1.0-alpha.4"
      },
      "engines": {
        "node": ">=22.13.0"
      }
    }
  }
}
