{
  "name": "wizloft-harness-project-tooling",
  "version": "0.0.0",
  "lockfileVersion": 3,
  "requires": true,
  "packages": {
    "": {
      "name": "wizloft-harness-project-tooling",
      "version": "0.0.0",
      "dependencies": {
        "@wizloft/harness-project": "0.2.0"
      }
    },
    "node_modules/@wizloft/harness": {
      "version": "0.2.0",
      "resolved": "https://registry.npmjs.org/@wizloft/harness/-/harness-0.2.0.tgz",
      "integrity": "sha512-yhR8U1e6JLLjDcoV1lbzExxk4NqgPgU9M21oCWoFxLZ0xK8L0cJ/qAqoz+3NI9r754irnDC5E8EV4e8UM0e2tw==",
      "license": "MIT",
      "dependencies": {
        "@wizloft/harness-kernel": "0.2.0"
      },
      "engines": {
        "node": ">=22.13.0"
      }
    },
    "node_modules/@wizloft/harness-file-providers": {
      "version": "0.2.0",
      "resolved": "https://registry.npmjs.org/@wizloft/harness-file-providers/-/harness-file-providers-0.2.0.tgz",
      "integrity": "sha512-MVpU/uQPr0xTKUABUUePr/3ATnVABO/xD5ZIbIOm87n8ISuVfpkf0TqgmJyYE67JazQVLsJVdXM0XQK4sUvAww==",
      "license": "MIT",
      "dependencies": {
        "@wizloft/harness": "0.2.0",
        "@wizloft/harness-kernel": "0.2.0"
      },
      "engines": {
        "node": ">=22.13.0"
      }
    },
    "node_modules/@wizloft/harness-kernel": {
      "version": "0.2.0",
      "resolved": "https://registry.npmjs.org/@wizloft/harness-kernel/-/harness-kernel-0.2.0.tgz",
      "integrity": "sha512-XbTRKw1MnWbidoHUbotzhd1cTQuka39S5XykjhvIErZlWGBrEoev+Nhkx8wHtBP2Wt31HGLSsy5JJ/aswvrnDA==",
      "license": "MIT",
      "engines": {
        "node": ">=22.13.0"
      }
    },
    "node_modules/@wizloft/harness-project": {
      "version": "0.2.0",
      "resolved": "https://registry.npmjs.org/@wizloft/harness-project/-/harness-project-0.2.0.tgz",
      "integrity": "sha512-UnNcGq5E/t2mgnrqPverG//V649MQ4EwH0Q9cRUAgxftOizny04P4YkBD0aiouhs/gAtrOWyx96d4HIZWZdSJg==",
      "license": "MIT",
      "dependencies": {
        "@wizloft/harness": "0.2.0",
        "@wizloft/harness-file-providers": "0.2.0",
        "@wizloft/harness-kernel": "0.2.0"
      },
      "bin": {
        "wizloft-harness-project": "dist/bin.js"
      },
      "engines": {
        "node": ">=22.13.0"
      }
    }
  }
}
